
Microsoft Visual Studio Solution File, Format Version 12.00
# Visual Studio 15
VisualStudioVersion = 15.0.28010.2016
MinimumVisualStudioVersion = 10.0.40219.1
Project("{9A19103F-16F7-4668-BE54-9A1E7A4F7556}") = "GamersUnited.RestAPI", "GamersUnited.RestAPI\GamersUnited.RestAPI.csproj", "{B7AD462C-1316-46E2-8071-1BB5279CD38A}"
EndProject
Project("{2150E333-8FDC-42A3-9474-1A3956D46DE8}") = "UI", "UI", "{5FFB113A-DCF9-48A1-BC8F-23AA1E90EB4C}"
EndProject
Project("{2150E333-8FDC-42A3-9474-1A3956D46DE8}") = "Core", "Core", "{FDCB17DF-4A32-4405-8DBA-CAB9288FB46E}"
EndProject
Project("{2150E333-8FDC-42A3-9474-1A3956D46DE8}") = "Infrastructure", "Infrastructure", "{271191BD-D2C6-4E57-B4C3-9CD6F436E140}"
EndProject
Project("{9A19103F-16F7-4668-BE54-9A1E7A4F7556}") = "GamersUnited.Core", "GamersUnited.Core\GamersUnited.Core.csproj", "{B263FDC7-76F0-4305-9B71-C06A7FE6B95D}"
EndProject
Project("{9A19103F-16F7-4668-BE54-9A1E7A4F7556}") = "GamersUnited.Core.Entities", "GamersUnited.Core.Entities\GamersUnited.Core.Entities.csproj", "{27762672-F686-4278-B32F-AE0646190487}"
EndProject
Project("{9A19103F-16F7-4668-BE54-9A1E7A4F7556}") = "GamersUnited.Infrastructure.Data", "GamersUnited.Infrastructure.Data\GamersUnited.Infrastructure.Data.csproj", "{08D045EB-3949-44AB-8F4F-140346AF318C}"
EndProject
Project("{FAE04EC0-301F-11D3-BF4B-00C04F79EFBC}") = "GamersUnited.Infrastructure.Data.Context", "GamersUnited.Infrastructure.Data.Context\GamersUnited.Infrastructure.Data.Context.csproj", "{C04085D7-6A14-4D31-9CBB-8CBF1E62D082}"
EndProject
Global
	GlobalSection(SolutionConfigurationPlatforms) = preSolution
		Debug|Any CPU = Debug|Any CPU
		Release|Any CPU = Release|Any CPU
	EndGlobalSection
	GlobalSection(ProjectConfigurationPlatforms) = postSolution
		{B7AD462C-1316-46E2-8071-1BB5279CD38A}.Debug|Any CPU.ActiveCfg = Debug|Any CPU
		{B7AD462C-1316-46E2-8071-1BB5279CD38A}.Debug|Any CPU.Build.0 = Debug|Any CPU
		{B7AD462C-1316-46E2-8071-1BB5279CD38A}.Release|Any CPU.ActiveCfg = Release|Any CPU
		{B7AD462C-1316-46E2-8071-1BB5279CD38A}.Release|Any CPU.Build.0 = Release|Any CPU
		{B263FDC7-76F0-4305-9B71-C06A7FE6B95D}.Debug|Any CPU.ActiveCfg = Debug|Any CPU
		{B263FDC7-76F0-4305-9B71-C06A7FE6B95D}.Debug|Any CPU.Build.0 = Debug|Any CPU
		{B263FDC7-76F0-4305-9B71-C06A7FE6B95D}.Release|Any CPU.ActiveCfg = Release|Any CPU
		{B263FDC7-76F0-4305-9B71-C06A7FE6B95D}.Release|Any CPU.Build.0 = Release|Any CPU
		{27762672-F686-4278-B32F-AE0646190487}.Debug|Any CPU.ActiveCfg = Debug|Any CPU
		{27762672-F686-4278-B32F-AE0646190487}.Debug|Any CPU.Build.0 = Debug|Any CPU
		{27762672-F686-4278-B32F-AE0646190487}.Release|Any CPU.ActiveCfg = Release|Any CPU
		{27762672-F686-4278-B32F-AE0646190487}.Release|Any CPU.Build.0 = Release|Any CPU
		{08D045EB-3949-44AB-8F4F-140346AF318C}.Debug|Any CPU.ActiveCfg = Debug|Any CPU
		{08D045EB-3949-44AB-8F4F-140346AF318C}.Debug|Any CPU.Build.0 = Debug|Any CPU
		{08D045EB-3949-44AB-8F4F-140346AF318C}.Release|Any CPU.ActiveCfg = Release|Any CPU
		{08D045EB-3949-44AB-8F4F-140346AF318C}.Release|Any CPU.Build.0 = Release|Any CPU
		{C04085D7-6A14-4D31-9CBB-8CBF1E62D082}.Debug|Any CPU.ActiveCfg = Debug|Any CPU
		{C04085D7-6A14-4D31-9CBB-8CBF1E62D082}.Debug|Any CPU.Build.0 = Debug|Any CPU
		{C04085D7-6A14-4D31-9CBB-8CBF1E62D082}.Release|Any CPU.ActiveCfg = Release|Any CPU
		{C04085D7-6A14-4D31-9CBB-8CBF1E62D082}.Release|Any CPU.Build.0 = Release|Any CPU
	EndGlobalSection
	GlobalSection(SolutionProperties) = preSolution
		HideSolutionNode = FALSE
	EndGlobalSection
	GlobalSection(NestedProjects) = preSolution
		{B7AD462C-1316-46E2-8071-1BB5279CD38A} = {5FFB113A-DCF9-48A1-BC8F-23AA1E90EB4C}
		{B263FDC7-76F0-4305-9B71-C06A7FE6B95D} = {FDCB17DF-4A32-4405-8DBA-CAB9288FB46E}
		{27762672-F686-4278-B32F-AE0646190487} = {FDCB17DF-4A32-4405-8DBA-CAB9288FB46E}
		{08D045EB-3949-44AB-8F4F-140346AF318C} = {271191BD-D2C6-4E57-B4C3-9CD6F436E140}
		{C04085D7-6A14-4D31-9CBB-8CBF1E62D082} = {271191BD-D2C6-4E57-B4C3-9CD6F436E140}
	EndGlobalSection
	GlobalSection(ExtensibilityGlobals) = postSolution
		SolutionGuid = {824212A2-8C4A-4DC9-B24B-92D7AE9FB5DE}
	EndGlobalSection
EndGlobal
