
Microsoft Visual Studio Solution File, Format Version 12.00
# Visual Studio 15
VisualStudioVersion = 15.0.28010.2003
MinimumVisualStudioVersion = 10.0.40219.1
Project("{FAE04EC0-301F-11D3-BF4B-00C04F79EFBC}") = "restapi", "restapi\restapi.csproj", "{8A60A61D-8261-4A5C-AD48-1E7E208E63E3}"
EndProject
Project("{FAE04EC0-301F-11D3-BF4B-00C04F79EFBC}") = "Core", "Core\Core.csproj", "{8D735B46-F44A-4D41-A814-D738A7968F94}"
EndProject
Project("{FAE04EC0-301F-11D3-BF4B-00C04F79EFBC}") = "Infrastucture", "Infrastucture\Infrastucture.csproj", "{6E30FBF9-36A3-4F83-92E0-B46A05511DB6}"
EndProject
Global
	GlobalSection(SolutionConfigurationPlatforms) = preSolution
		Debug|Any CPU = Debug|Any CPU
		Release|Any CPU = Release|Any CPU
	EndGlobalSection
	GlobalSection(ProjectConfigurationPlatforms) = postSolution
		{8A60A61D-8261-4A5C-AD48-1E7E208E63E3}.Debug|Any CPU.ActiveCfg = Debug|Any CPU
		{8A60A61D-8261-4A5C-AD48-1E7E208E63E3}.Debug|Any CPU.Build.0 = Debug|Any CPU
		{8A60A61D-8261-4A5C-AD48-1E7E208E63E3}.Release|Any CPU.ActiveCfg = Release|Any CPU
		{8A60A61D-8261-4A5C-AD48-1E7E208E63E3}.Release|Any CPU.Build.0 = Release|Any CPU
		{8D735B46-F44A-4D41-A814-D738A7968F94}.Debug|Any CPU.ActiveCfg = Debug|Any CPU
		{8D735B46-F44A-4D41-A814-D738A7968F94}.Debug|Any CPU.Build.0 = Debug|Any CPU
		{8D735B46-F44A-4D41-A814-D738A7968F94}.Release|Any CPU.ActiveCfg = Release|Any CPU
		{8D735B46-F44A-4D41-A814-D738A7968F94}.Release|Any CPU.Build.0 = Release|Any CPU
		{6E30FBF9-36A3-4F83-92E0-B46A05511DB6}.Debug|Any CPU.ActiveCfg = Debug|Any CPU
		{6E30FBF9-36A3-4F83-92E0-B46A05511DB6}.Debug|Any CPU.Build.0 = Debug|Any CPU
		{6E30FBF9-36A3-4F83-92E0-B46A05511DB6}.Release|Any CPU.ActiveCfg = Release|Any CPU
		{6E30FBF9-36A3-4F83-92E0-B46A05511DB6}.Release|Any CPU.Build.0 = Release|Any CPU
	EndGlobalSection
	GlobalSection(SolutionProperties) = preSolution
		HideSolutionNode = FALSE
	EndGlobalSection
	GlobalSection(ExtensibilityGlobals) = postSolution
		SolutionGuid = {0D4CE275-DCEA-4ED8-9512-77B6E6C184A0}
	EndGlobalSection
EndGlobal
